# This file is automatically generated - do not edit it directly.
# Use https://weblate.rob006.net/projects/flarum/fof-spamblock/zh_Hant/ for translation.
# You can read more about the process at https://github.com/rob006-software/flarum-translations/wiki.

fof-spamblock:
  admin:
    permissions:
      spamblock_users_label: 將此用戶標記為垃圾蟲
  forum:
    user_controls:
      spammer_button: 垃圾蟲
      spammer_confirmation: "你確定想要 \n• 隱藏全部用戶的貼文及回覆 \n• [flarum/suspend] 封鎖此用戶"
